
Microsoft Visual Studio Solution File, Format Version 12.00
# Visual Studio Version 16
VisualStudioVersion = 16.0.32802.440
MinimumVisualStudioVersion = 10.0.40219.1
Project("{FAE04EC0-301F-11D3-BF4B-00C04F79EFBC}") = "Lab3", "Lab3\Lab3.csproj", "{AD9CE806-9CED-4B33-831A-6ED963ACEA9E}"
EndProject
Project("{FAE04EC0-301F-11D3-BF4B-00C04F79EFBC}") = "BLL", "BLL\BLL.csproj", "{1BF8E968-684B-4945-BAE3-244AFEF7AE40}"
EndProject
Project("{FAE04EC0-301F-11D3-BF4B-00C04F79EFBC}") = "DAL", "DAL\DAL.csproj", "{8BCDDD4E-10DD-4D28-B7C3-57756DD0CA91}"
EndProject
Global
	GlobalSection(SolutionConfigurationPlatforms) = preSolution
		Debug|Any CPU = Debug|Any CPU
		Release|Any CPU = Release|Any CPU
	EndGlobalSection
	GlobalSection(ProjectConfigurationPlatforms) = postSolution
		{AD9CE806-9CED-4B33-831A-6ED963ACEA9E}.Debug|Any CPU.ActiveCfg = Debug|Any CPU
		{AD9CE806-9CED-4B33-831A-6ED963ACEA9E}.Debug|Any CPU.Build.0 = Debug|Any CPU
		{AD9CE806-9CED-4B33-831A-6ED963ACEA9E}.Release|Any CPU.ActiveCfg = Release|Any CPU
		{AD9CE806-9CED-4B33-831A-6ED963ACEA9E}.Release|Any CPU.Build.0 = Release|Any CPU
		{1BF8E968-684B-4945-BAE3-244AFEF7AE40}.Debug|Any CPU.ActiveCfg = Debug|Any CPU
		{1BF8E968-684B-4945-BAE3-244AFEF7AE40}.Debug|Any CPU.Build.0 = Debug|Any CPU
		{1BF8E968-684B-4945-BAE3-244AFEF7AE40}.Release|Any CPU.ActiveCfg = Release|Any CPU
		{1BF8E968-684B-4945-BAE3-244AFEF7AE40}.Release|Any CPU.Build.0 = Release|Any CPU
		{8BCDDD4E-10DD-4D28-B7C3-57756DD0CA91}.Debug|Any CPU.ActiveCfg = Debug|Any CPU
		{8BCDDD4E-10DD-4D28-B7C3-57756DD0CA91}.Debug|Any CPU.Build.0 = Debug|Any CPU
		{8BCDDD4E-10DD-4D28-B7C3-57756DD0CA91}.Release|Any CPU.ActiveCfg = Release|Any CPU
		{8BCDDD4E-10DD-4D28-B7C3-57756DD0CA91}.Release|Any CPU.Build.0 = Release|Any CPU
	EndGlobalSection
	GlobalSection(SolutionProperties) = preSolution
		HideSolutionNode = FALSE
	EndGlobalSection
	GlobalSection(ExtensibilityGlobals) = postSolution
		SolutionGuid = {064D36D8-CACB-4320-BC60-39C4CEF2C476}
	EndGlobalSection
EndGlobal
